
Microsoft Visual Studio Solution File, Format Version 12.00
# Visual Studio 14
VisualStudioVersion = 14.0.24720.0
MinimumVisualStudioVersion = 10.0.40219.1
Project("{FAE04EC0-301F-11D3-BF4B-00C04F79EFBC}") = "InfoService", "InfoService\InfoService.csproj", "{5F158199-3985-4F28-A760-F57D2C1B27F5}"
EndProject
Project("{FAE04EC0-301F-11D3-BF4B-00C04F79EFBC}") = "StaticInfoService", "StaticInfoService\StaticInfoService.csproj", "{94AEE54C-6B1A-4353-9B4B-C74E92E69437}"
EndProject
Project("{FAE04EC0-301F-11D3-BF4B-00C04F79EFBC}") = "StaticInfoClient", "StaticInfoClient\StaticInfoClient.csproj", "{10D2DA3E-DE6C-4673-BB70-316FBF1A8AA9}"
EndProject
Global
	GlobalSection(SolutionConfigurationPlatforms) = preSolution
		Debug|Any CPU = Debug|Any CPU
		Release|Any CPU = Release|Any CPU
	EndGlobalSection
	GlobalSection(ProjectConfigurationPlatforms) = postSolution
		{5F158199-3985-4F28-A760-F57D2C1B27F5}.Debug|Any CPU.ActiveCfg = Debug|Any CPU
		{5F158199-3985-4F28-A760-F57D2C1B27F5}.Debug|Any CPU.Build.0 = Debug|Any CPU
		{5F158199-3985-4F28-A760-F57D2C1B27F5}.Release|Any CPU.ActiveCfg = Release|Any CPU
		{5F158199-3985-4F28-A760-F57D2C1B27F5}.Release|Any CPU.Build.0 = Release|Any CPU
		{94AEE54C-6B1A-4353-9B4B-C74E92E69437}.Debug|Any CPU.ActiveCfg = Debug|Any CPU
		{94AEE54C-6B1A-4353-9B4B-C74E92E69437}.Debug|Any CPU.Build.0 = Debug|Any CPU
		{94AEE54C-6B1A-4353-9B4B-C74E92E69437}.Release|Any CPU.ActiveCfg = Release|Any CPU
		{94AEE54C-6B1A-4353-9B4B-C74E92E69437}.Release|Any CPU.Build.0 = Release|Any CPU
		{10D2DA3E-DE6C-4673-BB70-316FBF1A8AA9}.Debug|Any CPU.ActiveCfg = Debug|Any CPU
		{10D2DA3E-DE6C-4673-BB70-316FBF1A8AA9}.Debug|Any CPU.Build.0 = Debug|Any CPU
		{10D2DA3E-DE6C-4673-BB70-316FBF1A8AA9}.Release|Any CPU.ActiveCfg = Release|Any CPU
		{10D2DA3E-DE6C-4673-BB70-316FBF1A8AA9}.Release|Any CPU.Build.0 = Release|Any CPU
	EndGlobalSection
	GlobalSection(SolutionProperties) = preSolution
		HideSolutionNode = FALSE
	EndGlobalSection
EndGlobal
