
Microsoft Visual Studio Solution File, Format Version 12.00
# Visual Studio 14
VisualStudioVersion = 14.0.24720.0
MinimumVisualStudioVersion = 10.0.40219.1
Project("{FAE04EC0-301F-11D3-BF4B-00C04F79EFBC}") = "VideoStreamClient", "VideoStreamClient\VideoStreamClient.csproj", "{432187C4-AAA2-47C5-8241-4CEED9ADA1E7}"
EndProject
Project("{FAE04EC0-301F-11D3-BF4B-00C04F79EFBC}") = "CenterStorageCmd", "..\CenterStorage\CenterStorage\CenterStorageCmd\CenterStorageCmd.csproj", "{3E399021-8386-455E-9BDA-EC0F85FF5D76}"
EndProject
Project("{FAE04EC0-301F-11D3-BF4B-00C04F79EFBC}") = "VideoStreamModels", "..\VideoStreamServer\VideoStreamModels\VideoStreamModels.csproj", "{63C8F10F-E61E-4696-8B5D-B76B474A37DF}"
EndProject
Global
	GlobalSection(SolutionConfigurationPlatforms) = preSolution
		Debug|Any CPU = Debug|Any CPU
		Release|Any CPU = Release|Any CPU
	EndGlobalSection
	GlobalSection(ProjectConfigurationPlatforms) = postSolution
		{432187C4-AAA2-47C5-8241-4CEED9ADA1E7}.Debug|Any CPU.ActiveCfg = Debug|Any CPU
		{432187C4-AAA2-47C5-8241-4CEED9ADA1E7}.Debug|Any CPU.Build.0 = Debug|Any CPU
		{432187C4-AAA2-47C5-8241-4CEED9ADA1E7}.Release|Any CPU.ActiveCfg = Release|Any CPU
		{432187C4-AAA2-47C5-8241-4CEED9ADA1E7}.Release|Any CPU.Build.0 = Release|Any CPU
		{3E399021-8386-455E-9BDA-EC0F85FF5D76}.Debug|Any CPU.ActiveCfg = Debug|Any CPU
		{3E399021-8386-455E-9BDA-EC0F85FF5D76}.Debug|Any CPU.Build.0 = Debug|Any CPU
		{3E399021-8386-455E-9BDA-EC0F85FF5D76}.Release|Any CPU.ActiveCfg = Release|Any CPU
		{3E399021-8386-455E-9BDA-EC0F85FF5D76}.Release|Any CPU.Build.0 = Release|Any CPU
		{63C8F10F-E61E-4696-8B5D-B76B474A37DF}.Debug|Any CPU.ActiveCfg = Debug|Any CPU
		{63C8F10F-E61E-4696-8B5D-B76B474A37DF}.Debug|Any CPU.Build.0 = Debug|Any CPU
		{63C8F10F-E61E-4696-8B5D-B76B474A37DF}.Release|Any CPU.ActiveCfg = Release|Any CPU
		{63C8F10F-E61E-4696-8B5D-B76B474A37DF}.Release|Any CPU.Build.0 = Release|Any CPU
	EndGlobalSection
	GlobalSection(SolutionProperties) = preSolution
		HideSolutionNode = FALSE
	EndGlobalSection
EndGlobal
